
Microsoft Visual Studio Solution File, Format Version 12.00
# Visual Studio Version 17
VisualStudioVersion = 17.9.34728.123
MinimumVisualStudioVersion = 10.0.40219.1
Project("{2150E333-8FDC-42A3-9474-1A3956D46DE8}") = "ApiGateway", "ApiGateway", "{269B2FA0-963F-4E03-B014-7C19438279A9}"
EndProject
Project("{2150E333-8FDC-42A3-9474-1A3956D46DE8}") = "Saga", "Saga", "{1F479CCF-BCC6-4FAC-B948-B665754BEB7F}"
EndProject
Project("{9A19103F-16F7-4668-BE54-9A1E7A4F7556}") = "ServicesSaga", "Saga\ServicesSaga\ServicesSaga.csproj", "{B4F4C66D-33D4-4C49-B513-2066532CD79B}"
EndProject
Project("{2150E333-8FDC-42A3-9474-1A3956D46DE8}") = "Common", "Common", "{241D7BCC-0D8D-4DB7-A6C5-AE0AA702ABCA}"
EndProject
Project("{9A19103F-16F7-4668-BE54-9A1E7A4F7556}") = "Contracts", "Common\Contracts\Contracts.csproj", "{A4AD0616-60DF-48A5-B543-B8645D5652A3}"
EndProject
Project("{9A19103F-16F7-4668-BE54-9A1E7A4F7556}") = "Dependencies", "Common\Dependencies\Dependencies.csproj", "{2CFF09E2-EEF7-4C13-8990-771D2AA6785A}"
EndProject
Project("{2150E333-8FDC-42A3-9474-1A3956D46DE8}") = "WalletService", "WalletService", "{62ED7E35-4064-4CD4-8379-9543E05C1541}"
EndProject
Project("{9A19103F-16F7-4668-BE54-9A1E7A4F7556}") = "WalletService", "WalletService\WalletService\WalletService.csproj", "{7C480C1E-8AEF-4757-A017-DDCA463355FA}"
EndProject
Project("{9A19103F-16F7-4668-BE54-9A1E7A4F7556}") = "Infrastructure", "WalletService\Infrastructure\Infrastructure.csproj", "{76AF567E-7C7F-48E1-9FD1-EEC9F878BC17}"
EndProject
Project("{9A19103F-16F7-4668-BE54-9A1E7A4F7556}") = "Domain", "WalletService\Domain\Domain.csproj", "{C37AED00-ABB4-407C-B300-8D8F7AFBE33F}"
EndProject
Project("{9A19103F-16F7-4668-BE54-9A1E7A4F7556}") = "Application", "WalletService\Application\Application.csproj", "{E7B0132A-668F-4210-91EA-7E8795BAA007}"
EndProject
Project("{2150E333-8FDC-42A3-9474-1A3956D46DE8}") = "UserAuthenticationService", "UserAuthenticationService", "{E44C3832-FDEB-488F-9B50-06E1BE22C714}"
EndProject
Project("{9A19103F-16F7-4668-BE54-9A1E7A4F7556}") = "UserAuthenticationService", "UserAuthenticationService\UserAuthenticationService\UserAuthenticationService.csproj", "{DA758DBC-777F-4FC6-97CC-932B2D592C14}"
EndProject
Project("{2150E333-8FDC-42A3-9474-1A3956D46DE8}") = "StoreService", "StoreService", "{487C1306-E75D-461A-88A0-ECE92D4C24C1}"
EndProject
Project("{9A19103F-16F7-4668-BE54-9A1E7A4F7556}") = "CompanyStoreService", "CompanyStoreService\CompanyStoreService\CompanyStoreService.csproj", "{BB64FA19-2030-44AA-B0E9-4F36393DF849}"
EndProject
Project("{9A19103F-16F7-4668-BE54-9A1E7A4F7556}") = "Infrastructure", "CompanyStoreService\Infrastructure\Infrastructure.csproj", "{93194225-3E45-4A1D-89AD-4AE87D73C8C3}"
EndProject
Project("{9A19103F-16F7-4668-BE54-9A1E7A4F7556}") = "Application", "CompanyStoreService\Application\Application.csproj", "{7C30F3BE-ADD4-4ABA-9AA1-0C25CE379318}"
EndProject
Project("{9A19103F-16F7-4668-BE54-9A1E7A4F7556}") = "Domain", "CompanyStoreService\Domain\Domain.csproj", "{CC84FB17-A01F-4FB3-A7BF-0F8538343825}"
EndProject
Project("{2150E333-8FDC-42A3-9474-1A3956D46DE8}") = "WorkspaceService", "WorkspaceService", "{011A3688-9CA2-4586-BB83-0A098BBED2B3}"
EndProject
Project("{9A19103F-16F7-4668-BE54-9A1E7A4F7556}") = "CompanyWorkspaceService", "CompanyWorkspaceService\CompanyWorkspaceService\CompanyWorkspaceService.csproj", "{5D21BAA6-18A1-4931-A8E5-B10899C203EA}"
EndProject
Project("{9A19103F-16F7-4668-BE54-9A1E7A4F7556}") = "Infrastructure", "CompanyWorkspaceService\Infrastructure\Infrastructure.csproj", "{0FD04DF5-E658-44E0-9FC3-3DDCF5609E82}"
EndProject
Project("{9A19103F-16F7-4668-BE54-9A1E7A4F7556}") = "Application", "CompanyWorkspaceService\Application\Application.csproj", "{207E3341-D51C-4CFF-89EC-CC6858D83A54}"
EndProject
Project("{9A19103F-16F7-4668-BE54-9A1E7A4F7556}") = "Domain", "CompanyWorkspaceService\Domain\Domain.csproj", "{89F2513D-E8C5-478C-866F-01E82C71ACDA}"
EndProject
Project("{FAE04EC0-301F-11D3-BF4B-00C04F79EFBC}") = "ApiAccess", "ApiAccess\ApiAccess.csproj", "{C127EF68-50ED-46E0-9F02-B574FD9ADD1C}"
EndProject
Project("{FAE04EC0-301F-11D3-BF4B-00C04F79EFBC}") = "SagasApiGateway", "SagasApiGateway\SagasApiGateway.csproj", "{1DF3378B-6E9B-4B06-996A-128491188559}"
	ProjectSection(ProjectDependencies) = postProject
		{2CFF09E2-EEF7-4C13-8990-771D2AA6785A} = {2CFF09E2-EEF7-4C13-8990-771D2AA6785A}
		{A4AD0616-60DF-48A5-B543-B8645D5652A3} = {A4AD0616-60DF-48A5-B543-B8645D5652A3}
	EndProjectSection
EndProject
Global
	GlobalSection(SolutionConfigurationPlatforms) = preSolution
		Debug|Any CPU = Debug|Any CPU
		Release|Any CPU = Release|Any CPU
	EndGlobalSection
	GlobalSection(ProjectConfigurationPlatforms) = postSolution
		{B4F4C66D-33D4-4C49-B513-2066532CD79B}.Debug|Any CPU.ActiveCfg = Debug|Any CPU
		{B4F4C66D-33D4-4C49-B513-2066532CD79B}.Debug|Any CPU.Build.0 = Debug|Any CPU
		{B4F4C66D-33D4-4C49-B513-2066532CD79B}.Release|Any CPU.ActiveCfg = Release|Any CPU
		{B4F4C66D-33D4-4C49-B513-2066532CD79B}.Release|Any CPU.Build.0 = Release|Any CPU
		{A4AD0616-60DF-48A5-B543-B8645D5652A3}.Debug|Any CPU.ActiveCfg = Debug|Any CPU
		{A4AD0616-60DF-48A5-B543-B8645D5652A3}.Debug|Any CPU.Build.0 = Debug|Any CPU
		{A4AD0616-60DF-48A5-B543-B8645D5652A3}.Release|Any CPU.ActiveCfg = Release|Any CPU
		{A4AD0616-60DF-48A5-B543-B8645D5652A3}.Release|Any CPU.Build.0 = Release|Any CPU
		{2CFF09E2-EEF7-4C13-8990-771D2AA6785A}.Debug|Any CPU.ActiveCfg = Debug|Any CPU
		{2CFF09E2-EEF7-4C13-8990-771D2AA6785A}.Debug|Any CPU.Build.0 = Debug|Any CPU
		{2CFF09E2-EEF7-4C13-8990-771D2AA6785A}.Release|Any CPU.ActiveCfg = Release|Any CPU
		{2CFF09E2-EEF7-4C13-8990-771D2AA6785A}.Release|Any CPU.Build.0 = Release|Any CPU
		{7C480C1E-8AEF-4757-A017-DDCA463355FA}.Debug|Any CPU.ActiveCfg = Debug|Any CPU
		{7C480C1E-8AEF-4757-A017-DDCA463355FA}.Debug|Any CPU.Build.0 = Debug|Any CPU
		{7C480C1E-8AEF-4757-A017-DDCA463355FA}.Release|Any CPU.ActiveCfg = Release|Any CPU
		{7C480C1E-8AEF-4757-A017-DDCA463355FA}.Release|Any CPU.Build.0 = Release|Any CPU
		{76AF567E-7C7F-48E1-9FD1-EEC9F878BC17}.Debug|Any CPU.ActiveCfg = Debug|Any CPU
		{76AF567E-7C7F-48E1-9FD1-EEC9F878BC17}.Debug|Any CPU.Build.0 = Debug|Any CPU
		{76AF567E-7C7F-48E1-9FD1-EEC9F878BC17}.Release|Any CPU.ActiveCfg = Release|Any CPU
		{76AF567E-7C7F-48E1-9FD1-EEC9F878BC17}.Release|Any CPU.Build.0 = Release|Any CPU
		{C37AED00-ABB4-407C-B300-8D8F7AFBE33F}.Debug|Any CPU.ActiveCfg = Debug|Any CPU
		{C37AED00-ABB4-407C-B300-8D8F7AFBE33F}.Debug|Any CPU.Build.0 = Debug|Any CPU
		{C37AED00-ABB4-407C-B300-8D8F7AFBE33F}.Release|Any CPU.ActiveCfg = Release|Any CPU
		{C37AED00-ABB4-407C-B300-8D8F7AFBE33F}.Release|Any CPU.Build.0 = Release|Any CPU
		{E7B0132A-668F-4210-91EA-7E8795BAA007}.Debug|Any CPU.ActiveCfg = Debug|Any CPU
		{E7B0132A-668F-4210-91EA-7E8795BAA007}.Debug|Any CPU.Build.0 = Debug|Any CPU
		{E7B0132A-668F-4210-91EA-7E8795BAA007}.Release|Any CPU.ActiveCfg = Release|Any CPU
		{E7B0132A-668F-4210-91EA-7E8795BAA007}.Release|Any CPU.Build.0 = Release|Any CPU
		{DA758DBC-777F-4FC6-97CC-932B2D592C14}.Debug|Any CPU.ActiveCfg = Debug|Any CPU
		{DA758DBC-777F-4FC6-97CC-932B2D592C14}.Debug|Any CPU.Build.0 = Debug|Any CPU
		{DA758DBC-777F-4FC6-97CC-932B2D592C14}.Release|Any CPU.ActiveCfg = Release|Any CPU
		{DA758DBC-777F-4FC6-97CC-932B2D592C14}.Release|Any CPU.Build.0 = Release|Any CPU
		{BB64FA19-2030-44AA-B0E9-4F36393DF849}.Debug|Any CPU.ActiveCfg = Debug|Any CPU
		{BB64FA19-2030-44AA-B0E9-4F36393DF849}.Debug|Any CPU.Build.0 = Debug|Any CPU
		{BB64FA19-2030-44AA-B0E9-4F36393DF849}.Release|Any CPU.ActiveCfg = Release|Any CPU
		{BB64FA19-2030-44AA-B0E9-4F36393DF849}.Release|Any CPU.Build.0 = Release|Any CPU
		{93194225-3E45-4A1D-89AD-4AE87D73C8C3}.Debug|Any CPU.ActiveCfg = Debug|Any CPU
		{93194225-3E45-4A1D-89AD-4AE87D73C8C3}.Debug|Any CPU.Build.0 = Debug|Any CPU
		{93194225-3E45-4A1D-89AD-4AE87D73C8C3}.Release|Any CPU.ActiveCfg = Release|Any CPU
		{93194225-3E45-4A1D-89AD-4AE87D73C8C3}.Release|Any CPU.Build.0 = Release|Any CPU
		{7C30F3BE-ADD4-4ABA-9AA1-0C25CE379318}.Debug|Any CPU.ActiveCfg = Debug|Any CPU
		{7C30F3BE-ADD4-4ABA-9AA1-0C25CE379318}.Debug|Any CPU.Build.0 = Debug|Any CPU
		{7C30F3BE-ADD4-4ABA-9AA1-0C25CE379318}.Release|Any CPU.ActiveCfg = Release|Any CPU
		{7C30F3BE-ADD4-4ABA-9AA1-0C25CE379318}.Release|Any CPU.Build.0 = Release|Any CPU
		{CC84FB17-A01F-4FB3-A7BF-0F8538343825}.Debug|Any CPU.ActiveCfg = Debug|Any CPU
		{CC84FB17-A01F-4FB3-A7BF-0F8538343825}.Debug|Any CPU.Build.0 = Debug|Any CPU
		{CC84FB17-A01F-4FB3-A7BF-0F8538343825}.Release|Any CPU.ActiveCfg = Release|Any CPU
		{CC84FB17-A01F-4FB3-A7BF-0F8538343825}.Release|Any CPU.Build.0 = Release|Any CPU
		{5D21BAA6-18A1-4931-A8E5-B10899C203EA}.Debug|Any CPU.ActiveCfg = Debug|Any CPU
		{5D21BAA6-18A1-4931-A8E5-B10899C203EA}.Debug|Any CPU.Build.0 = Debug|Any CPU
		{5D21BAA6-18A1-4931-A8E5-B10899C203EA}.Release|Any CPU.ActiveCfg = Release|Any CPU
		{5D21BAA6-18A1-4931-A8E5-B10899C203EA}.Release|Any CPU.Build.0 = Release|Any CPU
		{0FD04DF5-E658-44E0-9FC3-3DDCF5609E82}.Debug|Any CPU.ActiveCfg = Debug|Any CPU
		{0FD04DF5-E658-44E0-9FC3-3DDCF5609E82}.Debug|Any CPU.Build.0 = Debug|Any CPU
		{0FD04DF5-E658-44E0-9FC3-3DDCF5609E82}.Release|Any CPU.ActiveCfg = Release|Any CPU
		{0FD04DF5-E658-44E0-9FC3-3DDCF5609E82}.Release|Any CPU.Build.0 = Release|Any CPU
		{207E3341-D51C-4CFF-89EC-CC6858D83A54}.Debug|Any CPU.ActiveCfg = Debug|Any CPU
		{207E3341-D51C-4CFF-89EC-CC6858D83A54}.Debug|Any CPU.Build.0 = Debug|Any CPU
		{207E3341-D51C-4CFF-89EC-CC6858D83A54}.Release|Any CPU.ActiveCfg = Release|Any CPU
		{207E3341-D51C-4CFF-89EC-CC6858D83A54}.Release|Any CPU.Build.0 = Release|Any CPU
		{89F2513D-E8C5-478C-866F-01E82C71ACDA}.Debug|Any CPU.ActiveCfg = Debug|Any CPU
		{89F2513D-E8C5-478C-866F-01E82C71ACDA}.Debug|Any CPU.Build.0 = Debug|Any CPU
		{89F2513D-E8C5-478C-866F-01E82C71ACDA}.Release|Any CPU.ActiveCfg = Release|Any CPU
		{89F2513D-E8C5-478C-866F-01E82C71ACDA}.Release|Any CPU.Build.0 = Release|Any CPU
		{C127EF68-50ED-46E0-9F02-B574FD9ADD1C}.Debug|Any CPU.ActiveCfg = Debug|Any CPU
		{C127EF68-50ED-46E0-9F02-B574FD9ADD1C}.Debug|Any CPU.Build.0 = Debug|Any CPU
		{C127EF68-50ED-46E0-9F02-B574FD9ADD1C}.Release|Any CPU.ActiveCfg = Release|Any CPU
		{C127EF68-50ED-46E0-9F02-B574FD9ADD1C}.Release|Any CPU.Build.0 = Release|Any CPU
		{1DF3378B-6E9B-4B06-996A-128491188559}.Debug|Any CPU.ActiveCfg = Debug|Any CPU
		{1DF3378B-6E9B-4B06-996A-128491188559}.Debug|Any CPU.Build.0 = Debug|Any CPU
		{1DF3378B-6E9B-4B06-996A-128491188559}.Release|Any CPU.ActiveCfg = Release|Any CPU
		{1DF3378B-6E9B-4B06-996A-128491188559}.Release|Any CPU.Build.0 = Release|Any CPU
	EndGlobalSection
	GlobalSection(SolutionProperties) = preSolution
		HideSolutionNode = FALSE
	EndGlobalSection
	GlobalSection(NestedProjects) = preSolution
		{B4F4C66D-33D4-4C49-B513-2066532CD79B} = {1F479CCF-BCC6-4FAC-B948-B665754BEB7F}
		{A4AD0616-60DF-48A5-B543-B8645D5652A3} = {241D7BCC-0D8D-4DB7-A6C5-AE0AA702ABCA}
		{2CFF09E2-EEF7-4C13-8990-771D2AA6785A} = {241D7BCC-0D8D-4DB7-A6C5-AE0AA702ABCA}
		{7C480C1E-8AEF-4757-A017-DDCA463355FA} = {62ED7E35-4064-4CD4-8379-9543E05C1541}
		{76AF567E-7C7F-48E1-9FD1-EEC9F878BC17} = {62ED7E35-4064-4CD4-8379-9543E05C1541}
		{C37AED00-ABB4-407C-B300-8D8F7AFBE33F} = {62ED7E35-4064-4CD4-8379-9543E05C1541}
		{E7B0132A-668F-4210-91EA-7E8795BAA007} = {62ED7E35-4064-4CD4-8379-9543E05C1541}
		{DA758DBC-777F-4FC6-97CC-932B2D592C14} = {E44C3832-FDEB-488F-9B50-06E1BE22C714}
		{BB64FA19-2030-44AA-B0E9-4F36393DF849} = {487C1306-E75D-461A-88A0-ECE92D4C24C1}
		{93194225-3E45-4A1D-89AD-4AE87D73C8C3} = {487C1306-E75D-461A-88A0-ECE92D4C24C1}
		{7C30F3BE-ADD4-4ABA-9AA1-0C25CE379318} = {487C1306-E75D-461A-88A0-ECE92D4C24C1}
		{CC84FB17-A01F-4FB3-A7BF-0F8538343825} = {487C1306-E75D-461A-88A0-ECE92D4C24C1}
		{5D21BAA6-18A1-4931-A8E5-B10899C203EA} = {011A3688-9CA2-4586-BB83-0A098BBED2B3}
		{0FD04DF5-E658-44E0-9FC3-3DDCF5609E82} = {011A3688-9CA2-4586-BB83-0A098BBED2B3}
		{207E3341-D51C-4CFF-89EC-CC6858D83A54} = {011A3688-9CA2-4586-BB83-0A098BBED2B3}
		{89F2513D-E8C5-478C-866F-01E82C71ACDA} = {011A3688-9CA2-4586-BB83-0A098BBED2B3}
		{C127EF68-50ED-46E0-9F02-B574FD9ADD1C} = {269B2FA0-963F-4E03-B014-7C19438279A9}
		{1DF3378B-6E9B-4B06-996A-128491188559} = {1F479CCF-BCC6-4FAC-B948-B665754BEB7F}
	EndGlobalSection
	GlobalSection(ExtensibilityGlobals) = postSolution
		SolutionGuid = {6395D31E-2738-48B9-99DA-92D451A2542C}
	EndGlobalSection
EndGlobal
